<?xml version="1.0" encoding="utf-8"?>
<Project ToolsVersion="4.0" xmlns="http://schemas.microsoft.com/developer/msbuild/2003">
  <ItemGroup>
    <Filter Include="Source Files">
      <UniqueIdentifier>{4FC737F1-C7A5-4376-A066-2A32D752A2FF}</UniqueIdentifier>
      <Extensions>cpp;c;cc;cxx;def;odl;idl;hpj;bat;asm;asmx</Extensions>
    </Filter>
    <Filter Include="Header Files">
      <UniqueIdentifier>{93995380-89BD-4b04-88EB-625FBE52EBFB}</UniqueIdentifier>
      <Extensions>h;hh;hpp;hxx;hm;inl;inc;xsd</Extensions>
    </Filter>
    <Filter Include="Resource Files">
      <UniqueIdentifier>{67DA6AB6-F800-4c08-8B7A-83BB121AAD01}</UniqueIdentifier>
      <Extensions>rc;ico;cur;bmp;dlg;rc2;rct;bin;rgs;gif;jpg;jpeg;jpe;resx;tiff;tif;png;wav;mfcribbon-ms</Extensions>
    </Filter>
  </ItemGroup>
  <ItemGroup>
    <ClCompile Include="src\Trainers\TrainerFactory.cpp">
      <Filter>Source Files</Filter>
    </ClCompile>
    <ClCompile Include="src\Trainers\LinearSVM.cpp">
      <Filter>Source Files</Filter>
    </ClCompile>
    <ClCompile Include="test\test_fastrank_instances2dataset.cc">
      <Filter>Source Files</Filter>
    </ClCompile>
    <ClCompile Include="test\test_fastrank_train.cc">
      <Filter>Source Files</Filter>
    </ClCompile>
    <ClCompile Include="src\Trainers\FastRank.cpp">
      <Filter>Source Files</Filter>
    </ClCompile>
    <ClCompile Include="test\test_bit.cc">
      <Filter>Source Files</Filter>
    </ClCompile>
    <ClCompile Include="test\test_train.cc">
      <Filter>Source Files</Filter>
    </ClCompile>
    <ClCompile Include="test\test_train_test.cc">
      <Filter>Source Files</Filter>
    </ClCompile>
    <ClCompile Include="src\Trainers\Trainer.cpp">
      <Filter>Source Files</Filter>
    </ClCompile>
    <ClCompile Include="src\Trainers\ThirdTrainers.cpp">
      <Filter>Source Files</Filter>
    </ClCompile>
    <ClCompile Include="src\Trainers\SofiaTrainer.cpp">
      <Filter>Source Files</Filter>
    </ClCompile>
    <ClCompile Include="src\Trainers\VWTrainer.cpp">
      <Filter>Source Files</Filter>
    </ClCompile>
    <ClCompile Include="src\Trainers\LibLinearTrainer.cpp">
      <Filter>Source Files</Filter>
    </ClCompile>
    <ClCompile Include="src\Trainers\ThirdTrainer.cpp">
      <Filter>Source Files</Filter>
    </ClCompile>
    <ClCompile Include="src\Trainers\LibSVMTrainer.cpp">
      <Filter>Source Files</Filter>
    </ClCompile>
    <ClCompile Include="test\test_linearsvm_train.cc">
      <Filter>Source Files</Filter>
    </ClCompile>
    <ClCompile Include="test\test_bin.cc">
      <Filter>Source Files</Filter>
    </ClCompile>
    <ClCompile Include="src\Trainers\EnsembleTrainer.cpp">
      <Filter>Source Files</Filter>
    </ClCompile>
    <ClCompile Include="profiling\omp_predict.cc">
      <Filter>Source Files</Filter>
    </ClCompile>
    <ClCompile Include="test2\rabit\basic.cc">
      <Filter>Source Files</Filter>
    </ClCompile>
    <ClCompile Include="test2\rabit\basic_witharg.cc">
      <Filter>Source Files</Filter>
    </ClCompile>
    <ClCompile Include="test\test_seralize.cc">
      <Filter>Source Files</Filter>
    </ClCompile>
    <ClCompile Include="tools\melt.cc">
      <Filter>Source Files</Filter>
    </ClCompile>
    <ClCompile Include="test2\rabit\allreduce.cc">
      <Filter>Source Files</Filter>
    </ClCompile>
    <ClCompile Include="test2\rabit\broadcast.cc">
      <Filter>Source Files</Filter>
    </ClCompile>
    <ClCompile Include="tools2\melt.cc">
      <Filter>Source Files</Filter>
    </ClCompile>
    <ClCompile Include="src\Run\Melt.cpp">
      <Filter>Source Files</Filter>
    </ClCompile>
    <ClCompile Include="src\Prediction\Instances\InstanceParser.cpp">
      <Filter>Source Files</Filter>
    </ClCompile>
    <ClCompile Include="src\Trainers\Gbdt.cpp">
      <Filter>Source Files</Filter>
    </ClCompile>
  </ItemGroup>
  <ItemGroup>
    <ClInclude Include="include\Trainers\SVM\LinearSVM.h">
      <Filter>Header Files</Filter>
    </ClInclude>
    <ClInclude Include="include\Trainers\FastRank\DataSet.h">
      <Filter>Header Files</Filter>
    </ClInclude>
    <ClInclude Include="include\Trainers\FastRank\DerivedFeature.h">
      <Filter>Header Files</Filter>
    </ClInclude>
    <ClInclude Include="include\Trainers\FastRank\FastRank.h">
      <Filter>Header Files</Filter>
    </ClInclude>
    <ClInclude Include="include\Trainers\FastRank\Feature.h">
      <Filter>Header Files</Filter>
    </ClInclude>
    <ClInclude Include="include\Trainers\FastRank\InstancesToDataSet.h">
      <Filter>Header Files</Filter>
    </ClInclude>
    <ClInclude Include="include\Trainers\FastRank\RegressionTree.h">
      <Filter>Header Files</Filter>
    </ClInclude>
    <ClInclude Include="include\Trainers\FastRank\TreeLearner.h">
      <Filter>Header Files</Filter>
    </ClInclude>
    <ClInclude Include="include\Trainers\FastRank\BinaryClassificationFastRank.h">
      <Filter>Header Files</Filter>
    </ClInclude>
    <ClInclude Include="include\Trainers\FastRank\Ensemble.h">
      <Filter>Header Files</Filter>
    </ClInclude>
    <ClInclude Include="include\Trainers\FastRank\OptimizationAlgorithm.h">
      <Filter>Header Files</Filter>
    </ClInclude>
    <ClInclude Include="include\Trainers\FastRank\GradientDescent.h">
      <Filter>Header Files</Filter>
    </ClInclude>
    <ClInclude Include="include\Trainers\FastRank\DocumentPartitioning.h">
      <Filter>Header Files</Filter>
    </ClInclude>
    <ClInclude Include="include\Trainers\FastRank\BinaryClassificationFastRankArguments.h">
      <Filter>Header Files</Filter>
    </ClInclude>
    <ClInclude Include="include\Trainers\FastRank\BinaryClassificationObjectiveFunction.h">
      <Filter>Header Files</Filter>
    </ClInclude>
    <ClInclude Include="include\Trainers\FastRank\FastRankArguments.h">
      <Filter>Header Files</Filter>
    </ClInclude>
    <ClInclude Include="include\Trainers\FastRank\FeatureHistogram.h">
      <Filter>Header Files</Filter>
    </ClInclude>
    <ClInclude Include="include\Trainers\FastRank\IGradientAdjuster.h">
      <Filter>Header Files</Filter>
    </ClInclude>
    <ClInclude Include="include\Trainers\FastRank\IStepSearch.h">
      <Filter>Header Files</Filter>
    </ClInclude>
    <ClInclude Include="include\Trainers\FastRank\LeastSquaresRegressionTreeLearner.h">
      <Filter>Header Files</Filter>
    </ClInclude>
    <ClInclude Include="include\Trainers\FastRank\MappedObjectPool.h">
      <Filter>Header Files</Filter>
    </ClInclude>
    <ClInclude Include="include\Trainers\FastRank\ObjectiveFunction.h">
      <Filter>Header Files</Filter>
    </ClInclude>
    <ClInclude Include="include\Trainers\FastRank\ProbabilityFunctions.h">
      <Filter>Header Files</Filter>
    </ClInclude>
    <ClInclude Include="include\Trainers\FastRank\ScoreTracker.h">
      <Filter>Header Files</Filter>
    </ClInclude>
    <ClInclude Include="include\Trainers\FastRank\TrivialGradientWrapper.h">
      <Filter>Header Files</Filter>
    </ClInclude>
    <ClInclude Include="include\Trainers\FastRank\BestStepRegressionGradientWrapper.h">
      <Filter>Header Files</Filter>
    </ClInclude>
    <ClInclude Include="include\Trainers\FastRank\QueryWeightsBestResressionStepGradientWrapper.h">
      <Filter>Header Files</Filter>
    </ClInclude>
    <ClInclude Include="include\Trainers\FastRank\QueryWeightsGradientWrapper.h">
      <Filter>Header Files</Filter>
    </ClInclude>
    <ClInclude Include="include\Trainers\RandomTrainer.h">
      <Filter>Header Files</Filter>
    </ClInclude>
    <ClInclude Include="include\Trainers\SVM\BaseLineLinearSVM.h">
      <Filter>Header Files</Filter>
    </ClInclude>
    <ClInclude Include="include\Trainers\VWTrainer.h">
      <Filter>Header Files</Filter>
    </ClInclude>
    <ClInclude Include="include\Trainers\LibLinearTrainer.h">
      <Filter>Header Files</Filter>
    </ClInclude>
    <ClInclude Include="include\Trainers\LibSVMTrainer.h">
      <Filter>Header Files</Filter>
    </ClInclude>
    <ClInclude Include="include\Trainers\SofiaTrainer.h">
      <Filter>Header Files</Filter>
    </ClInclude>
    <ClInclude Include="include\Trainers\ThirdTrainer.h">
      <Filter>Header Files</Filter>
    </ClInclude>
    <ClInclude Include="include\Trainers\EnsembleTrainer.h">
      <Filter>Header Files</Filter>
    </ClInclude>
    <ClInclude Include="include\Trainers\FastRank\BaggingProvider.h">
      <Filter>Header Files</Filter>
    </ClInclude>
    <ClInclude Include="include\Trainers\FastRank\RankingFastRankArguments.h">
      <Filter>Header Files</Filter>
    </ClInclude>
    <ClInclude Include="include\Trainers\FastRank\RegressionFastRank.h">
      <Filter>Header Files</Filter>
    </ClInclude>
    <ClInclude Include="include\Trainers\FastRank\RegressionFastRankArguments.h">
      <Filter>Header Files</Filter>
    </ClInclude>
    <ClInclude Include="include\Trainers\FastRank\RegressionObjectiveFunction.h">
      <Filter>Header Files</Filter>
    </ClInclude>
    <ClInclude Include="include\Run\Melt.h">
      <Filter>Header Files</Filter>
    </ClInclude>
    <ClInclude Include="include\Run\MeltArguments.h">
      <Filter>Header Files</Filter>
    </ClInclude>
    <ClInclude Include="include\Prediction\Instances\InstanceParser.h">
      <Filter>Header Files</Filter>
    </ClInclude>
    <ClInclude Include="include\Prediction\Instances\instances_util.h">
      <Filter>Header Files</Filter>
    </ClInclude>
    <ClInclude Include="include\Trainers\Gbdt\BaggingProvider.h">
      <Filter>Header Files</Filter>
    </ClInclude>
    <ClInclude Include="include\Trainers\Gbdt\BestStepRegressionGradientWrapper.h">
      <Filter>Header Files</Filter>
    </ClInclude>
    <ClInclude Include="include\Trainers\Gbdt\BinaryClassificationGbdt.h">
      <Filter>Header Files</Filter>
    </ClInclude>
    <ClInclude Include="include\Trainers\Gbdt\BinaryClassificationGbdtArguments.h">
      <Filter>Header Files</Filter>
    </ClInclude>
    <ClInclude Include="include\Trainers\Gbdt\BinaryClassificationObjectiveFunction.h">
      <Filter>Header Files</Filter>
    </ClInclude>
    <ClInclude Include="include\Trainers\Gbdt\Dataset.h">
      <Filter>Header Files</Filter>
    </ClInclude>
    <ClInclude Include="include\Trainers\Gbdt\DocumentPartitioning.h">
      <Filter>Header Files</Filter>
    </ClInclude>
    <ClInclude Include="include\Trainers\Gbdt\Ensemble.h">
      <Filter>Header Files</Filter>
    </ClInclude>
    <ClInclude Include="include\Trainers\Gbdt\Feature.h">
      <Filter>Header Files</Filter>
    </ClInclude>
    <ClInclude Include="include\Trainers\Gbdt\FeatureHistogram.h">
      <Filter>Header Files</Filter>
    </ClInclude>
    <ClInclude Include="include\Trainers\Gbdt\Gbdt.h">
      <Filter>Header Files</Filter>
    </ClInclude>
    <ClInclude Include="include\Trainers\Gbdt\GbdtArguments.h">
      <Filter>Header Files</Filter>
    </ClInclude>
    <ClInclude Include="include\Trainers\Gbdt\GradientDescent.h">
      <Filter>Header Files</Filter>
    </ClInclude>
    <ClInclude Include="include\Trainers\Gbdt\IGradientAdjuster.h">
      <Filter>Header Files</Filter>
    </ClInclude>
    <ClInclude Include="include\Trainers\Gbdt\InstancesToDataset.h">
      <Filter>Header Files</Filter>
    </ClInclude>
    <ClInclude Include="include\Trainers\Gbdt\IStepSearch.h">
      <Filter>Header Files</Filter>
    </ClInclude>
    <ClInclude Include="include\Trainers\Gbdt\LeastSquaresRegressionTreeLearner.h">
      <Filter>Header Files</Filter>
    </ClInclude>
    <ClInclude Include="include\Trainers\Gbdt\MappedObjectPool.h">
      <Filter>Header Files</Filter>
    </ClInclude>
    <ClInclude Include="include\Trainers\Gbdt\ObjectiveFunction.h">
      <Filter>Header Files</Filter>
    </ClInclude>
    <ClInclude Include="include\Trainers\Gbdt\OptimizationAlgorithm.h">
      <Filter>Header Files</Filter>
    </ClInclude>
    <ClInclude Include="include\Trainers\Gbdt\ProbabilityFunctions.h">
      <Filter>Header Files</Filter>
    </ClInclude>
    <ClInclude Include="include\Trainers\Gbdt\QueryWeightsBestResressionStepGradientWrapper.h">
      <Filter>Header Files</Filter>
    </ClInclude>
    <ClInclude Include="include\Trainers\Gbdt\QueryWeightsGradientWrapper.h">
      <Filter>Header Files</Filter>
    </ClInclude>
    <ClInclude Include="include\Trainers\Gbdt\RankingGbdtArguments.h">
      <Filter>Header Files</Filter>
    </ClInclude>
    <ClInclude Include="include\Trainers\Gbdt\RegressionGbdt.h">
      <Filter>Header Files</Filter>
    </ClInclude>
    <ClInclude Include="include\Trainers\Gbdt\RegressionGbdtArguments.h">
      <Filter>Header Files</Filter>
    </ClInclude>
    <ClInclude Include="include\Trainers\Gbdt\RegressionObjectiveFunction.h">
      <Filter>Header Files</Filter>
    </ClInclude>
    <ClInclude Include="include\Trainers\Gbdt\RegressionTree.h">
      <Filter>Header Files</Filter>
    </ClInclude>
    <ClInclude Include="include\Trainers\Gbdt\ScoreTracker.h">
      <Filter>Header Files</Filter>
    </ClInclude>
    <ClInclude Include="include\Trainers\Gbdt\TreeLearner.h">
      <Filter>Header Files</Filter>
    </ClInclude>
    <ClInclude Include="include\Trainers\Gbdt\TrivialGradientWrapper.h">
      <Filter>Header Files</Filter>
    </ClInclude>
  </ItemGroup>
  <ItemGroup>
    <None Include="test\data\test.20140115-0304\feature\feature.def">
      <Filter>Source Files</Filter>
    </None>
    <None Include="test\data\thread.20140319-1444\feature\feature.def">
      <Filter>Source Files</Filter>
    </None>
    <None Include="test\data\train.20140316.all\feature\feature.def">
      <Filter>Source Files</Filter>
    </None>
    <None Include="test\data\train.v1\feature\feature.def">
      <Filter>Source Files</Filter>
    </None>
    <None Include="test\data\train.v1\train\feature.def">
      <Filter>Source Files</Filter>
    </None>
  </ItemGroup>
</Project>